// !$*UTF8*$!
{
	archiveVersion = 1;
	classes = {
	};
	objectVersion = 52;
	objects = {

/* Begin PBXBuildFile section */
		87FD9B17260924C000025D21 /* REDspace_Code_ChallengeApp.swift in Sources */ = {isa = PBXBuildFile; fileRef = 87FD9B16260924C000025D21 /* REDspace_Code_ChallengeApp.swift */; };
		87FD9B19260924C000025D21 /* ContentView.swift in Sources */ = {isa = PBXBuildFile; fileRef = 87FD9B18260924C000025D21 /* ContentView.swift */; };
		87FD9B1B260924C100025D21 /* Assets.xcassets in Resources */ = {isa = PBXBuildFile; fileRef = 87FD9B1A260924C100025D21 /* Assets.xcassets */; };
		87FD9B1E260924C100025D21 /* Preview Assets.xcassets in Resources */ = {isa = PBXBuildFile; fileRef = 87FD9B1D260924C100025D21 /* Preview Assets.xcassets */; };
		87FD9B29260924C100025D21 /* REDspace_Code_ChallengeTests.swift in Sources */ = {isa = PBXBuildFile; fileRef = 87FD9B28260924C100025D21 /* REDspace_Code_ChallengeTests.swift */; };
		87FD9B34260924C100025D21 /* REDspace_Code_ChallengeUITests.swift in Sources */ = {isa = PBXBuildFile; fileRef = 87FD9B33260924C100025D21 /* REDspace_Code_ChallengeUITests.swift */; };
		87FD9B462609264700025D21 /* Kingfisher in Frameworks */ = {isa = PBXBuildFile; productRef = 87FD9B452609264700025D21 /* Kingfisher */; };
		87FD9B602609296D00025D21 /* Info.swift in Sources */ = {isa = PBXBuildFile; fileRef = 87FD9B5F2609296D00025D21 /* Info.swift */; };
		87FD9B682609299200025D21 /* Character.swift in Sources */ = {isa = PBXBuildFile; fileRef = 87FD9B672609299200025D21 /* Character.swift */; };
		87FD9B6D260929B300025D21 /* Location.swift in Sources */ = {isa = PBXBuildFile; fileRef = 87FD9B6C260929B300025D21 /* Location.swift */; };
		87FD9B72260929C300025D21 /* Episode.swift in Sources */ = {isa = PBXBuildFile; fileRef = 87FD9B71260929C300025D21 /* Episode.swift */; };
		87FD9B7826092D0800025D21 /* Moya in Frameworks */ = {isa = PBXBuildFile; productRef = 87FD9B7726092D0800025D21 /* Moya */; };
		87FD9B8426092D3500025D21 /* Networkable.swift in Sources */ = {isa = PBXBuildFile; fileRef = 87FD9B8326092D3500025D21 /* Networkable.swift */; };
		87FD9B8926092D6100025D21 /* RickAndMortyAPI.swift in Sources */ = {isa = PBXBuildFile; fileRef = 87FD9B8826092D6100025D21 /* RickAndMortyAPI.swift */; };
		87FD9B8E26092DCB00025D21 /* NetworkManager.swift in Sources */ = {isa = PBXBuildFile; fileRef = 87FD9B8D26092DCB00025D21 /* NetworkManager.swift */; };
		87FD9B9C260931DE00025D21 /* CharacterListViewModel.swift in Sources */ = {isa = PBXBuildFile; fileRef = 87FD9B9B260931DE00025D21 /* CharacterListViewModel.swift */; };
/* End PBXBuildFile section */

/* Begin PBXContainerItemProxy section */
		87FD9B25260924C100025D21 /* PBXContainerItemProxy */ = {
			isa = PBXContainerItemProxy;
			containerPortal = 87FD9B0B260924C000025D21 /* Project object */;
			proxyType = 1;
			remoteGlobalIDString = 87FD9B12260924C000025D21;
			remoteInfo = "REDspace Code Challenge";
		};
		87FD9B30260924C100025D21 /* PBXContainerItemProxy */ = {
			isa = PBXContainerItemProxy;
			containerPortal = 87FD9B0B260924C000025D21 /* Project object */;
			proxyType = 1;
			remoteGlobalIDString = 87FD9B12260924C000025D21;
			remoteInfo = "REDspace Code Challenge";
		};
/* End PBXContainerItemProxy section */

/* Begin PBXFileReference section */
		87FD9B13260924C000025D21 /* REDspace Code Challenge.app */ = {isa = PBXFileReference; explicitFileType = wrapper.application; includeInIndex = 0; path = "REDspace Code Challenge.app"; sourceTree = BUILT_PRODUCTS_DIR; };
		87FD9B16260924C000025D21 /* REDspace_Code_ChallengeApp.swift */ = {isa = PBXFileReference; lastKnownFileType = sourcecode.swift; path = REDspace_Code_ChallengeApp.swift; sourceTree = "<group>"; };
		87FD9B18260924C000025D21 /* ContentView.swift */ = {isa = PBXFileReference; lastKnownFileType = sourcecode.swift; path = ContentView.swift; sourceTree = "<group>"; };
		87FD9B1A260924C100025D21 /* Assets.xcassets */ = {isa = PBXFileReference; lastKnownFileType = folder.assetcatalog; path = Assets.xcassets; sourceTree = "<group>"; };
		87FD9B1D260924C100025D21 /* Preview Assets.xcassets */ = {isa = PBXFileReference; lastKnownFileType = folder.assetcatalog; path = "Preview Assets.xcassets"; sourceTree = "<group>"; };
		87FD9B1F260924C100025D21 /* Info.plist */ = {isa = PBXFileReference; lastKnownFileType = text.plist.xml; path = Info.plist; sourceTree = "<group>"; };
		87FD9B24260924C100025D21 /* REDspace Code ChallengeTests.xctest */ = {isa = PBXFileReference; explicitFileType = wrapper.cfbundle; includeInIndex = 0; path = "REDspace Code ChallengeTests.xctest"; sourceTree = BUILT_PRODUCTS_DIR; };
		87FD9B28260924C100025D21 /* REDspace_Code_ChallengeTests.swift */ = {isa = PBXFileReference; lastKnownFileType = sourcecode.swift; path = REDspace_Code_ChallengeTests.swift; sourceTree = "<group>"; };
		87FD9B2A260924C100025D21 /* Info.plist */ = {isa = PBXFileReference; lastKnownFileType = text.plist.xml; path = Info.plist; sourceTree = "<group>"; };
		87FD9B2F260924C100025D21 /* REDspace Code ChallengeUITests.xctest */ = {isa = PBXFileReference; explicitFileType = wrapper.cfbundle; includeInIndex = 0; path = "REDspace Code ChallengeUITests.xctest"; sourceTree = BUILT_PRODUCTS_DIR; };
		87FD9B33260924C100025D21 /* REDspace_Code_ChallengeUITests.swift */ = {isa = PBXFileReference; lastKnownFileType = sourcecode.swift; path = REDspace_Code_ChallengeUITests.swift; sourceTree = "<group>"; };
		87FD9B35260924C100025D21 /* Info.plist */ = {isa = PBXFileReference; lastKnownFileType = text.plist.xml; path = Info.plist; sourceTree = "<group>"; };
		87FD9B5F2609296D00025D21 /* Info.swift */ = {isa = PBXFileReference; lastKnownFileType = sourcecode.swift; path = Info.swift; sourceTree = "<group>"; };
		87FD9B672609299200025D21 /* Character.swift */ = {isa = PBXFileReference; lastKnownFileType = sourcecode.swift; path = Character.swift; sourceTree = "<group>"; };
		87FD9B6C260929B300025D21 /* Location.swift */ = {isa = PBXFileReference; lastKnownFileType = sourcecode.swift; path = Location.swift; sourceTree = "<group>"; };
		87FD9B71260929C300025D21 /* Episode.swift */ = {isa = PBXFileReference; lastKnownFileType = sourcecode.swift; path = Episode.swift; sourceTree = "<group>"; };
		87FD9B8326092D3500025D21 /* Networkable.swift */ = {isa = PBXFileReference; lastKnownFileType = sourcecode.swift; path = Networkable.swift; sourceTree = "<group>"; };
		87FD9B8826092D6100025D21 /* RickAndMortyAPI.swift */ = {isa = PBXFileReference; lastKnownFileType = sourcecode.swift; path = RickAndMortyAPI.swift; sourceTree = "<group>"; };
		87FD9B8D26092DCB00025D21 /* NetworkManager.swift */ = {isa = PBXFileReference; lastKnownFileType = sourcecode.swift; path = NetworkManager.swift; sourceTree = "<group>"; };
		87FD9B9B260931DE00025D21 /* CharacterListViewModel.swift */ = {isa = PBXFileReference; lastKnownFileType = sourcecode.swift; path = CharacterListViewModel.swift; sourceTree = "<group>"; };
/* End PBXFileReference section */

/* Begin PBXFrameworksBuildPhase section */
		87FD9B10260924C000025D21 /* Frameworks */ = {
			isa = PBXFrameworksBuildPhase;
			buildActionMask = 2147483647;
			files = (
				87FD9B7826092D0800025D21 /* Moya in Frameworks */,
				87FD9B462609264700025D21 /* Kingfisher in Frameworks */,
			);
			runOnlyForDeploymentPostprocessing = 0;
		};
		87FD9B21260924C100025D21 /* Frameworks */ = {
			isa = PBXFrameworksBuildPhase;
			buildActionMask = 2147483647;
			files = (
			);
			runOnlyForDeploymentPostprocessing = 0;
		};
		87FD9B2C260924C100025D21 /* Frameworks */ = {
			isa = PBXFrameworksBuildPhase;
			buildActionMask = 2147483647;
			files = (
			);
			runOnlyForDeploymentPostprocessing = 0;
		};
/* End PBXFrameworksBuildPhase section */

/* Begin PBXGroup section */
		87FD9B0A260924C000025D21 = {
			isa = PBXGroup;
			children = (
				87FD9B15260924C000025D21 /* REDspace Code Challenge */,
				87FD9B27260924C100025D21 /* REDspace Code ChallengeTests */,
				87FD9B32260924C100025D21 /* REDspace Code ChallengeUITests */,
				87FD9B14260924C000025D21 /* Products */,
			);
			sourceTree = "<group>";
		};
		87FD9B14260924C000025D21 /* Products */ = {
			isa = PBXGroup;
			children = (
				87FD9B13260924C000025D21 /* REDspace Code Challenge.app */,
				87FD9B24260924C100025D21 /* REDspace Code ChallengeTests.xctest */,
				87FD9B2F260924C100025D21 /* REDspace Code ChallengeUITests.xctest */,
			);
			name = Products;
			sourceTree = "<group>";
		};
		87FD9B15260924C000025D21 /* REDspace Code Challenge */ = {
			isa = PBXGroup;
			children = (
				87FD9B92260930BE00025D21 /* Features */,
				87FD9B7C26092D1400025D21 /* Networking */,
				87FD9B5E2609285800025D21 /* Model */,
				87FD9B16260924C000025D21 /* REDspace_Code_ChallengeApp.swift */,
				87FD9B1A260924C100025D21 /* Assets.xcassets */,
				87FD9B1F260924C100025D21 /* Info.plist */,
				87FD9B1C260924C100025D21 /* Preview Content */,
			);
			path = "REDspace Code Challenge";
			sourceTree = "<group>";
		};
		87FD9B1C260924C100025D21 /* Preview Content */ = {
			isa = PBXGroup;
			children = (
				87FD9B1D260924C100025D21 /* Preview Assets.xcassets */,
			);
			path = "Preview Content";
			sourceTree = "<group>";
		};
		87FD9B27260924C100025D21 /* REDspace Code ChallengeTests */ = {
			isa = PBXGroup;
			children = (
				87FD9B28260924C100025D21 /* REDspace_Code_ChallengeTests.swift */,
				87FD9B2A260924C100025D21 /* Info.plist */,
			);
			path = "REDspace Code ChallengeTests";
			sourceTree = "<group>";
		};
		87FD9B32260924C100025D21 /* REDspace Code ChallengeUITests */ = {
			isa = PBXGroup;
			children = (
				87FD9B33260924C100025D21 /* REDspace_Code_ChallengeUITests.swift */,
				87FD9B35260924C100025D21 /* Info.plist */,
			);
			path = "REDspace Code ChallengeUITests";
			sourceTree = "<group>";
		};
		87FD9B5E2609285800025D21 /* Model */ = {
			isa = PBXGroup;
			children = (
				87FD9B5F2609296D00025D21 /* Info.swift */,
				87FD9B672609299200025D21 /* Character.swift */,
				87FD9B6C260929B300025D21 /* Location.swift */,
				87FD9B71260929C300025D21 /* Episode.swift */,
			);
			path = Model;
			sourceTree = "<group>";
		};
		87FD9B7C26092D1400025D21 /* Networking */ = {
			isa = PBXGroup;
			children = (
				87FD9B8326092D3500025D21 /* Networkable.swift */,
				87FD9B8826092D6100025D21 /* RickAndMortyAPI.swift */,
				87FD9B8D26092DCB00025D21 /* NetworkManager.swift */,
			);
			path = Networking;
			sourceTree = "<group>";
		};
		87FD9B92260930BE00025D21 /* Features */ = {
			isa = PBXGroup;
			children = (
				87FD9B932609310700025D21 /* Tabbar	 */,
				87FD9B942609311C00025D21 /* Characters */,
				87FD9B952609312900025D21 /* Episodes */,
				87FD9B962609313900025D21 /* Loactions */,
				87FD9B972609314000025D21 /* Search */,
			);
			path = Features;
			sourceTree = "<group>";
		};
		87FD9B932609310700025D21 /* Tabbar	 */ = {
			isa = PBXGroup;
			children = (
				87FD9B18260924C000025D21 /* ContentView.swift */,
			);
			path = "Tabbar\t";
			sourceTree = "<group>";
		};
		87FD9B942609311C00025D21 /* Characters */ = {
			isa = PBXGroup;
			children = (
				87FD9B982609317A00025D21 /* List */,
				87FD9B992609318000025D21 /* Detail */,
			);
			path = Characters;
			sourceTree = "<group>";
		};
		87FD9B952609312900025D21 /* Episodes */ = {
			isa = PBXGroup;
			children = (
			);
			path = Episodes;
			sourceTree = "<group>";
		};
		87FD9B962609313900025D21 /* Loactions */ = {
			isa = PBXGroup;
			children = (
			);
			path = Loactions;
			sourceTree = "<group>";
		};
		87FD9B972609314000025D21 /* Search */ = {
			isa = PBXGroup;
			children = (
			);
			path = Search;
			sourceTree = "<group>";
		};
		87FD9B982609317A00025D21 /* List */ = {
			isa = PBXGroup;
			children = (
				87FD9B9B260931DE00025D21 /* CharacterListViewModel.swift */,
			);
			path = List;
			sourceTree = "<group>";
		};
		87FD9B992609318000025D21 /* Detail */ = {
			isa = PBXGroup;
			children = (
			);
			path = Detail;
			sourceTree = "<group>";
		};
/* End PBXGroup section */

/* Begin PBXNativeTarget section */
		87FD9B12260924C000025D21 /* REDspace Code Challenge */ = {
			isa = PBXNativeTarget;
			buildConfigurationList = 87FD9B38260924C100025D21 /* Build configuration list for PBXNativeTarget "REDspace Code Challenge" */;
			buildPhases = (
				87FD9B0F260924C000025D21 /* Sources */,
				87FD9B10260924C000025D21 /* Frameworks */,
				87FD9B11260924C000025D21 /* Resources */,
			);
			buildRules = (
			);
			dependencies = (
			);
			name = "REDspace Code Challenge";
			packageProductDependencies = (
				87FD9B452609264700025D21 /* Kingfisher */,
				87FD9B7726092D0800025D21 /* Moya */,
			);
			productName = "REDspace Code Challenge";
			productReference = 87FD9B13260924C000025D21 /* REDspace Code Challenge.app */;
			productType = "com.apple.product-type.application";
		};
		87FD9B23260924C100025D21 /* REDspace Code ChallengeTests */ = {
			isa = PBXNativeTarget;
			buildConfigurationList = 87FD9B3B260924C100025D21 /* Build configuration list for PBXNativeTarget "REDspace Code ChallengeTests" */;
			buildPhases = (
				87FD9B20260924C100025D21 /* Sources */,
				87FD9B21260924C100025D21 /* Frameworks */,
				87FD9B22260924C100025D21 /* Resources */,
			);
			buildRules = (
			);
			dependencies = (
				87FD9B26260924C100025D21 /* PBXTargetDependency */,
			);
			name = "REDspace Code ChallengeTests";
			productName = "REDspace Code ChallengeTests";
			productReference = 87FD9B24260924C100025D21 /* REDspace Code ChallengeTests.xctest */;
			productType = "com.apple.product-type.bundle.unit-test";
		};
		87FD9B2E260924C100025D21 /* REDspace Code ChallengeUITests */ = {
			isa = PBXNativeTarget;
			buildConfigurationList = 87FD9B3E260924C100025D21 /* Build configuration list for PBXNativeTarget "REDspace Code ChallengeUITests" */;
			buildPhases = (
				87FD9B2B260924C100025D21 /* Sources */,
				87FD9B2C260924C100025D21 /* Frameworks */,
				87FD9B2D260924C100025D21 /* Resources */,
			);
			buildRules = (
			);
			dependencies = (
				87FD9B31260924C100025D21 /* PBXTargetDependency */,
			);
			name = "REDspace Code ChallengeUITests";
			productName = "REDspace Code ChallengeUITests";
			productReference = 87FD9B2F260924C100025D21 /* REDspace Code ChallengeUITests.xctest */;
			productType = "com.apple.product-type.bundle.ui-testing";
		};
/* End PBXNativeTarget section */

/* Begin PBXProject section */
		87FD9B0B260924C000025D21 /* Project object */ = {
			isa = PBXProject;
			attributes = {
				LastSwiftUpdateCheck = 1240;
				LastUpgradeCheck = 1240;
				TargetAttributes = {
					87FD9B12260924C000025D21 = {
						CreatedOnToolsVersion = 12.4;
					};
					87FD9B23260924C100025D21 = {
						CreatedOnToolsVersion = 12.4;
						TestTargetID = 87FD9B12260924C000025D21;
					};
					87FD9B2E260924C100025D21 = {
						CreatedOnToolsVersion = 12.4;
						TestTargetID = 87FD9B12260924C000025D21;
					};
				};
			};
			buildConfigurationList = 87FD9B0E260924C000025D21 /* Build configuration list for PBXProject "REDspace Code Challenge" */;
			compatibilityVersion = "Xcode 9.3";
			developmentRegion = en;
			hasScannedForEncodings = 0;
			knownRegions = (
				en,
				Base,
			);
			mainGroup = 87FD9B0A260924C000025D21;
			packageReferences = (
				87FD9B442609264700025D21 /* XCRemoteSwiftPackageReference "Kingfisher" */,
				87FD9B7626092D0800025D21 /* XCRemoteSwiftPackageReference "Moya" */,
			);
			productRefGroup = 87FD9B14260924C000025D21 /* Products */;
			projectDirPath = "";
			projectRoot = "";
			targets = (
				87FD9B12260924C000025D21 /* REDspace Code Challenge */,
				87FD9B23260924C100025D21 /* REDspace Code ChallengeTests */,
				87FD9B2E260924C100025D21 /* REDspace Code ChallengeUITests */,
			);
		};
/* End PBXProject section */

/* Begin PBXResourcesBuildPhase section */
		87FD9B11260924C000025D21 /* Resources */ = {
			isa = PBXResourcesBuildPhase;
			buildActionMask = 2147483647;
			files = (
				87FD9B1E260924C100025D21 /* Preview Assets.xcassets in Resources */,
				87FD9B1B260924C100025D21 /* Assets.xcassets in Resources */,
			);
			runOnlyForDeploymentPostprocessing = 0;
		};
		87FD9B22260924C100025D21 /* Resources */ = {
			isa = PBXResourcesBuildPhase;
			buildActionMask = 2147483647;
			files = (
			);
			runOnlyForDeploymentPostprocessing = 0;
		};
		87FD9B2D260924C100025D21 /* Resources */ = {
			isa = PBXResourcesBuildPhase;
			buildActionMask = 2147483647;
			files = (
			);
			runOnlyForDeploymentPostprocessing = 0;
		};
/* End PBXResourcesBuildPhase section */

/* Begin PBXSourcesBuildPhase section */
		87FD9B0F260924C000025D21 /* Sources */ = {
			isa = PBXSourcesBuildPhase;
			buildActionMask = 2147483647;
			files = (
				87FD9B8E26092DCB00025D21 /* NetworkManager.swift in Sources */,
				87FD9B602609296D00025D21 /* Info.swift in Sources */,
				87FD9B8926092D6100025D21 /* RickAndMortyAPI.swift in Sources */,
				87FD9B72260929C300025D21 /* Episode.swift in Sources */,
				87FD9B19260924C000025D21 /* ContentView.swift in Sources */,
				87FD9B8426092D3500025D21 /* Networkable.swift in Sources */,
				87FD9B6D260929B300025D21 /* Location.swift in Sources */,
				87FD9B17260924C000025D21 /* REDspace_Code_ChallengeApp.swift in Sources */,
				87FD9B9C260931DE00025D21 /* CharacterListViewModel.swift in Sources */,
				87FD9B682609299200025D21 /* Character.swift in Sources */,
			);
			runOnlyForDeploymentPostprocessing = 0;
		};
		87FD9B20260924C100025D21 /* Sources */ = {
			isa = PBXSourcesBuildPhase;
			buildActionMask = 2147483647;
			files = (
				87FD9B29260924C100025D21 /* REDspace_Code_ChallengeTests.swift in Sources */,
			);
			runOnlyForDeploymentPostprocessing = 0;
		};
		87FD9B2B260924C100025D21 /* Sources */ = {
			isa = PBXSourcesBuildPhase;
			buildActionMask = 2147483647;
			files = (
				87FD9B34260924C100025D21 /* REDspace_Code_ChallengeUITests.swift in Sources */,
			);
			runOnlyForDeploymentPostprocessing = 0;
		};
/* End PBXSourcesBuildPhase section */

/* Begin PBXTargetDependency section */
		87FD9B26260924C100025D21 /* PBXTargetDependency */ = {
			isa = PBXTargetDependency;
			target = 87FD9B12260924C000025D21 /* REDspace Code Challenge */;
			targetProxy = 87FD9B25260924C100025D21 /* PBXContainerItemProxy */;
		};
		87FD9B31260924C100025D21 /* PBXTargetDependency */ = {
			isa = PBXTargetDependency;
			target = 87FD9B12260924C000025D21 /* REDspace Code Challenge */;
			targetProxy = 87FD9B30260924C100025D21 /* PBXContainerItemProxy */;
		};
/* End PBXTargetDependency section */

/* Begin XCBuildConfiguration section */
		87FD9B36260924C100025D21 /* Debug */ = {
			isa = XCBuildConfiguration;
			buildSettings = {
				ALWAYS_SEARCH_USER_PATHS = NO;
				CLANG_ANALYZER_NONNULL = YES;
				CLANG_ANALYZER_NUMBER_OBJECT_CONVERSION = YES_AGGRESSIVE;
				CLANG_CXX_LANGUAGE_STANDARD = "gnu++14";
				CLANG_CXX_LIBRARY = "libc++";
				CLANG_ENABLE_MODULES = YES;
				CLANG_ENABLE_OBJC_ARC = YES;
				CLANG_ENABLE_OBJC_WEAK = YES;
				CLANG_WARN_BLOCK_CAPTURE_AUTORELEASING = YES;
				CLANG_WARN_BOOL_CONVERSION = YES;
				CLANG_WARN_COMMA = YES;
				CLANG_WARN_CONSTANT_CONVERSION = YES;
				CLANG_WARN_DEPRECATED_OBJC_IMPLEMENTATIONS = YES;
				CLANG_WARN_DIRECT_OBJC_ISA_USAGE = YES_ERROR;
				CLANG_WARN_DOCUMENTATION_COMMENTS = YES;
				CLANG_WARN_EMPTY_BODY = YES;
				CLANG_WARN_ENUM_CONVERSION = YES;
				CLANG_WARN_INFINITE_RECURSION = YES;
				CLANG_WARN_INT_CONVERSION = YES;
				CLANG_WARN_NON_LITERAL_NULL_CONVERSION = YES;
				CLANG_WARN_OBJC_IMPLICIT_RETAIN_SELF = YES;
				CLANG_WARN_OBJC_LITERAL_CONVERSION = YES;
				CLANG_WARN_OBJC_ROOT_CLASS = YES_ERROR;
				CLANG_WARN_QUOTED_INCLUDE_IN_FRAMEWORK_HEADER = YES;
				CLANG_WARN_RANGE_LOOP_ANALYSIS = YES;
				CLANG_WARN_STRICT_PROTOTYPES = YES;
				CLANG_WARN_SUSPICIOUS_MOVE = YES;
				CLANG_WARN_UNGUARDED_AVAILABILITY = YES_AGGRESSIVE;
				CLANG_WARN_UNREACHABLE_CODE = YES;
				CLANG_WARN__DUPLICATE_METHOD_MATCH = YES;
				COPY_PHASE_STRIP = NO;
				DEBUG_INFORMATION_FORMAT = dwarf;
				ENABLE_STRICT_OBJC_MSGSEND = YES;
				ENABLE_TESTABILITY = YES;
				GCC_C_LANGUAGE_STANDARD = gnu11;
				GCC_DYNAMIC_NO_PIC = NO;
				GCC_NO_COMMON_BLOCKS = YES;
				GCC_OPTIMIZATION_LEVEL = 0;
				GCC_PREPROCESSOR_DEFINITIONS = (
					"DEBUG=1",
					"$(inherited)",
				);
				GCC_WARN_64_TO_32_BIT_CONVERSION = YES;
				GCC_WARN_ABOUT_RETURN_TYPE = YES_ERROR;
				GCC_WARN_UNDECLARED_SELECTOR = YES;
				GCC_WARN_UNINITIALIZED_AUTOS = YES_AGGRESSIVE;
				GCC_WARN_UNUSED_FUNCTION = YES;
				GCC_WARN_UNUSED_VARIABLE = YES;
				IPHONEOS_DEPLOYMENT_TARGET = 14.4;
				MTL_ENABLE_DEBUG_INFO = INCLUDE_SOURCE;
				MTL_FAST_MATH = YES;
				ONLY_ACTIVE_ARCH = YES;
				SDKROOT = iphoneos;
				SWIFT_ACTIVE_COMPILATION_CONDITIONS = DEBUG;
				SWIFT_OPTIMIZATION_LEVEL = "-Onone";
			};
			name = Debug;
		};
		87FD9B37260924C100025D21 /* Release */ = {
			isa = XCBuildConfiguration;
			buildSettings = {
				ALWAYS_SEARCH_USER_PATHS = NO;
				CLANG_ANALYZER_NONNULL = YES;
				CLANG_ANALYZER_NUMBER_OBJECT_CONVERSION = YES_AGGRESSIVE;
				CLANG_CXX_LANGUAGE_STANDARD = "gnu++14";
				CLANG_CXX_LIBRARY = "libc++";
				CLANG_ENABLE_MODULES = YES;
				CLANG_ENABLE_OBJC_ARC = YES;
				CLANG_ENABLE_OBJC_WEAK = YES;
				CLANG_WARN_BLOCK_CAPTURE_AUTORELEASING = YES;
				CLANG_WARN_BOOL_CONVERSION = YES;
				CLANG_WARN_COMMA = YES;
				CLANG_WARN_CONSTANT_CONVERSION = YES;
				CLANG_WARN_DEPRECATED_OBJC_IMPLEMENTATIONS = YES;
				CLANG_WARN_DIRECT_OBJC_ISA_USAGE = YES_ERROR;
				CLANG_WARN_DOCUMENTATION_COMMENTS = YES;
				CLANG_WARN_EMPTY_BODY = YES;
				CLANG_WARN_ENUM_CONVERSION = YES;
				CLANG_WARN_INFINITE_RECURSION = YES;
				CLANG_WARN_INT_CONVERSION = YES;
				CLANG_WARN_NON_LITERAL_NULL_CONVERSION = YES;
				CLANG_WARN_OBJC_IMPLICIT_RETAIN_SELF = YES;
				CLANG_WARN_OBJC_LITERAL_CONVERSION = YES;
				CLANG_WARN_OBJC_ROOT_CLASS = YES_ERROR;
				CLANG_WARN_QUOTED_INCLUDE_IN_FRAMEWORK_HEADER = YES;
				CLANG_WARN_RANGE_LOOP_ANALYSIS = YES;
				CLANG_WARN_STRICT_PROTOTYPES = YES;
				CLANG_WARN_SUSPICIOUS_MOVE = YES;
				CLANG_WARN_UNGUARDED_AVAILABILITY = YES_AGGRESSIVE;
				CLANG_WARN_UNREACHABLE_CODE = YES;
				CLANG_WARN__DUPLICATE_METHOD_MATCH = YES;
				COPY_PHASE_STRIP = NO;
				DEBUG_INFORMATION_FORMAT = "dwarf-with-dsym";
				ENABLE_NS_ASSERTIONS = NO;
				ENABLE_STRICT_OBJC_MSGSEND = YES;
				GCC_C_LANGUAGE_STANDARD = gnu11;
				GCC_NO_COMMON_BLOCKS = YES;
				GCC_WARN_64_TO_32_BIT_CONVERSION = YES;
				GCC_WARN_ABOUT_RETURN_TYPE = YES_ERROR;
				GCC_WARN_UNDECLARED_SELECTOR = YES;
				GCC_WARN_UNINITIALIZED_AUTOS = YES_AGGRESSIVE;
				GCC_WARN_UNUSED_FUNCTION = YES;
				GCC_WARN_UNUSED_VARIABLE = YES;
				IPHONEOS_DEPLOYMENT_TARGET = 14.4;
				MTL_ENABLE_DEBUG_INFO = NO;
				MTL_FAST_MATH = YES;
				SDKROOT = iphoneos;
				SWIFT_COMPILATION_MODE = wholemodule;
				SWIFT_OPTIMIZATION_LEVEL = "-O";
				VALIDATE_PRODUCT = YES;
			};
			name = Release;
		};
		87FD9B39260924C100025D21 /* Debug */ = {
			isa = XCBuildConfiguration;
			buildSettings = {
				ASSETCATALOG_COMPILER_APPICON_NAME = AppIcon;
				ASSETCATALOG_COMPILER_GLOBAL_ACCENT_COLOR_NAME = AccentColor;
				CODE_SIGN_STYLE = Automatic;
				DEVELOPMENT_ASSET_PATHS = "\"REDspace Code Challenge/Preview Content\"";
				DEVELOPMENT_TEAM = 8C3Z4PS3T2;
				ENABLE_PREVIEWS = YES;
				INFOPLIST_FILE = "REDspace Code Challenge/Info.plist";
				IPHONEOS_DEPLOYMENT_TARGET = 14.0;
				LD_RUNPATH_SEARCH_PATHS = (
					"$(inherited)",
					"@executable_path/Frameworks",
				);
				PRODUCT_BUNDLE_IDENTIFIER = "com.akshay.REDspace-Code-Challenge";
				PRODUCT_NAME = "$(TARGET_NAME)";
				SWIFT_VERSION = 5.0;
				TARGETED_DEVICE_FAMILY = "1,2";
			};
			name = Debug;
		};
		87FD9B3A260924C100025D21 /* Release */ = {
			isa = XCBuildConfiguration;
			buildSettings = {
				ASSETCATALOG_COMPILER_APPICON_NAME = AppIcon;
				ASSETCATALOG_COMPILER_GLOBAL_ACCENT_COLOR_NAME = AccentColor;
				CODE_SIGN_STYLE = Automatic;
				DEVELOPMENT_ASSET_PATHS = "\"REDspace Code Challenge/Preview Content\"";
				DEVELOPMENT_TEAM = 8C3Z4PS3T2;
				ENABLE_PREVIEWS = YES;
				INFOPLIST_FILE = "REDspace Code Challenge/Info.plist";
				IPHONEOS_DEPLOYMENT_TARGET = 14.0;
				LD_RUNPATH_SEARCH_PATHS = (
					"$(inherited)",
					"@executable_path/Frameworks",
				);
				PRODUCT_BUNDLE_IDENTIFIER = "com.akshay.REDspace-Code-Challenge";
				PRODUCT_NAME = "$(TARGET_NAME)";
				SWIFT_VERSION = 5.0;
				TARGETED_DEVICE_FAMILY = "1,2";
			};
			name = Release;
		};
		87FD9B3C260924C100025D21 /* Debug */ = {
			isa = XCBuildConfiguration;
			buildSettings = {
				ALWAYS_EMBED_SWIFT_STANDARD_LIBRARIES = YES;
				BUNDLE_LOADER = "$(TEST_HOST)";
				CODE_SIGN_STYLE = Automatic;
				DEVELOPMENT_TEAM = 8C3Z4PS3T2;
				INFOPLIST_FILE = "REDspace Code ChallengeTests/Info.plist";
				IPHONEOS_DEPLOYMENT_TARGET = 14.0;
				LD_RUNPATH_SEARCH_PATHS = (
					"$(inherited)",
					"@executable_path/Frameworks",
					"@loader_path/Frameworks",
				);
				PRODUCT_BUNDLE_IDENTIFIER = "com.akshay.REDspace-Code-ChallengeTests";
				PRODUCT_NAME = "$(TARGET_NAME)";
				SWIFT_VERSION = 5.0;
				TARGETED_DEVICE_FAMILY = "1,2";
				TEST_HOST = "$(BUILT_PRODUCTS_DIR)/REDspace Code Challenge.app/REDspace Code Challenge";
			};
			name = Debug;
		};
		87FD9B3D260924C100025D21 /* Release */ = {
			isa = XCBuildConfiguration;
			buildSettings = {
				ALWAYS_EMBED_SWIFT_STANDARD_LIBRARIES = YES;
				BUNDLE_LOADER = "$(TEST_HOST)";
				CODE_SIGN_STYLE = Automatic;
				DEVELOPMENT_TEAM = 8C3Z4PS3T2;
				INFOPLIST_FILE = "REDspace Code ChallengeTests/Info.plist";
				IPHONEOS_DEPLOYMENT_TARGET = 14.0;
				LD_RUNPATH_SEARCH_PATHS = (
					"$(inherited)",
					"@executable_path/Frameworks",
					"@loader_path/Frameworks",
				);
				PRODUCT_BUNDLE_IDENTIFIER = "com.akshay.REDspace-Code-ChallengeTests";
				PRODUCT_NAME = "$(TARGET_NAME)";
				SWIFT_VERSION = 5.0;
				TARGETED_DEVICE_FAMILY = "1,2";
				TEST_HOST = "$(BUILT_PRODUCTS_DIR)/REDspace Code Challenge.app/REDspace Code Challenge";
			};
			name = Release;
		};
		87FD9B3F260924C100025D21 /* Debug */ = {
			isa = XCBuildConfiguration;
			buildSettings = {
				ALWAYS_EMBED_SWIFT_STANDARD_LIBRARIES = YES;
				CODE_SIGN_STYLE = Automatic;
				DEVELOPMENT_TEAM = 8C3Z4PS3T2;
				INFOPLIST_FILE = "REDspace Code ChallengeUITests/Info.plist";
				LD_RUNPATH_SEARCH_PATHS = (
					"$(inherited)",
					"@executable_path/Frameworks",
					"@loader_path/Frameworks",
				);
				PRODUCT_BUNDLE_IDENTIFIER = "com.akshay.REDspace-Code-ChallengeUITests";
				PRODUCT_NAME = "$(TARGET_NAME)";
				SWIFT_VERSION = 5.0;
				TARGETED_DEVICE_FAMILY = "1,2";
				TEST_TARGET_NAME = "REDspace Code Challenge";
			};
			name = Debug;
		};
		87FD9B40260924C100025D21 /* Release */ = {
			isa = XCBuildConfiguration;
			buildSettings = {
				ALWAYS_EMBED_SWIFT_STANDARD_LIBRARIES = YES;
				CODE_SIGN_STYLE = Automatic;
				DEVELOPMENT_TEAM = 8C3Z4PS3T2;
				INFOPLIST_FILE = "REDspace Code ChallengeUITests/Info.plist";
				LD_RUNPATH_SEARCH_PATHS = (
					"$(inherited)",
					"@executable_path/Frameworks",
					"@loader_path/Frameworks",
				);
				PRODUCT_BUNDLE_IDENTIFIER = "com.akshay.REDspace-Code-ChallengeUITests";
				PRODUCT_NAME = "$(TARGET_NAME)";
				SWIFT_VERSION = 5.0;
				TARGETED_DEVICE_FAMILY = "1,2";
				TEST_TARGET_NAME = "REDspace Code Challenge";
			};
			name = Release;
		};
/* End XCBuildConfiguration section */

/* Begin XCConfigurationList section */
		87FD9B0E260924C000025D21 /* Build configuration list for PBXProject "REDspace Code Challenge" */ = {
			isa = XCConfigurationList;
			buildConfigurations = (
				87FD9B36260924C100025D21 /* Debug */,
				87FD9B37260924C100025D21 /* Release */,
			);
			defaultConfigurationIsVisible = 0;
			defaultConfigurationName = Release;
		};
		87FD9B38260924C100025D21 /* Build configuration list for PBXNativeTarget "REDspace Code Challenge" */ = {
			isa = XCConfigurationList;
			buildConfigurations = (
				87FD9B39260924C100025D21 /* Debug */,
				87FD9B3A260924C100025D21 /* Release */,
			);
			defaultConfigurationIsVisible = 0;
			defaultConfigurationName = Release;
		};
		87FD9B3B260924C100025D21 /* Build configuration list for PBXNativeTarget "REDspace Code ChallengeTests" */ = {
			isa = XCConfigurationList;
			buildConfigurations = (
				87FD9B3C260924C100025D21 /* Debug */,
				87FD9B3D260924C100025D21 /* Release */,
			);
			defaultConfigurationIsVisible = 0;
			defaultConfigurationName = Release;
		};
		87FD9B3E260924C100025D21 /* Build configuration list for PBXNativeTarget "REDspace Code ChallengeUITests" */ = {
			isa = XCConfigurationList;
			buildConfigurations = (
				87FD9B3F260924C100025D21 /* Debug */,
				87FD9B40260924C100025D21 /* Release */,
			);
			defaultConfigurationIsVisible = 0;
			defaultConfigurationName = Release;
		};
/* End XCConfigurationList section */

/* Begin XCRemoteSwiftPackageReference section */
		87FD9B442609264700025D21 /* XCRemoteSwiftPackageReference "Kingfisher" */ = {
			isa = XCRemoteSwiftPackageReference;
			repositoryURL = "https://github.com/onevcat/Kingfisher";
			requirement = {
				kind = upToNextMajorVersion;
				minimumVersion = 6.2.1;
			};
		};
		87FD9B7626092D0800025D21 /* XCRemoteSwiftPackageReference "Moya" */ = {
			isa = XCRemoteSwiftPackageReference;
			repositoryURL = "https://github.com/Moya/Moya";
			requirement = {
				kind = upToNextMajorVersion;
				minimumVersion = 14.0.1;
			};
		};
/* End XCRemoteSwiftPackageReference section */

/* Begin XCSwiftPackageProductDependency section */
		87FD9B452609264700025D21 /* Kingfisher */ = {
			isa = XCSwiftPackageProductDependency;
			package = 87FD9B442609264700025D21 /* XCRemoteSwiftPackageReference "Kingfisher" */;
			productName = Kingfisher;
		};
		87FD9B7726092D0800025D21 /* Moya */ = {
			isa = XCSwiftPackageProductDependency;
			package = 87FD9B7626092D0800025D21 /* XCRemoteSwiftPackageReference "Moya" */;
			productName = Moya;
		};
/* End XCSwiftPackageProductDependency section */
	};
	rootObject = 87FD9B0B260924C000025D21 /* Project object */;
}
